// !$*UTF8*$!
{
	archiveVersion = 1;
	classes = {
	};
	objectVersion = 46;
	objects = {

/* Begin PBXBuildFile section */
		39324C20168CAD7F009F0A6D /* AdSupport.framework in Frameworks */ = {isa = PBXBuildFile; fileRef = 39324C1F168CAD7F009F0A6D /* AdSupport.framework */; settings = {ATTRIBUTES = (Weak, ); }; };
		39324C22168CADA8009F0A6D /* PassKit.framework in Frameworks */ = {isa = PBXBuildFile; fileRef = 39324C21168CADA8009F0A6D /* PassKit.framework */; settings = {ATTRIBUTES = (Weak, ); }; };
		4AF5AE64172F005000015D93 /* libBurstly.a in Frameworks */ = {isa = PBXBuildFile; fileRef = 4AF5AE60172F005000015D93 /* libBurstly.a */; };
		FAD66E7515D2C21A00BAA656 /* Foundation.framework in Frameworks */ = {isa = PBXBuildFile; fileRef = FAD66E7415D2C21A00BAA656 /* Foundation.framework */; };
		FAD66E7A15D2C21A00BAA656 /* AirBurstly.h in CopyFiles */ = {isa = PBXBuildFile; fileRef = FAD66E7915D2C21A00BAA656 /* AirBurstly.h */; };
		FAD66E7C15D2C21A00BAA656 /* AirBurstly.m in Sources */ = {isa = PBXBuildFile; fileRef = FAD66E7B15D2C21A00BAA656 /* AirBurstly.m */; };
		FAD66EAD15D2F62600BAA656 /* AddressBook.framework in Frameworks */ = {isa = PBXBuildFile; fileRef = FAD66E9615D2F62600BAA656 /* AddressBook.framework */; };
		FAD66EAE15D2F62600BAA656 /* AddressBookUI.framework in Frameworks */ = {isa = PBXBuildFile; fileRef = FAD66E9715D2F62600BAA656 /* AddressBookUI.framework */; };
		FAD66EAF15D2F62600BAA656 /* AudioToolbox.framework in Frameworks */ = {isa = PBXBuildFile; fileRef = FAD66E9815D2F62600BAA656 /* AudioToolbox.framework */; };
		FAD66EB015D2F62600BAA656 /* AVFoundation.framework in Frameworks */ = {isa = PBXBuildFile; fileRef = FAD66E9915D2F62600BAA656 /* AVFoundation.framework */; };
		FAD66EB115D2F62600BAA656 /* CFNetwork.framework in Frameworks */ = {isa = PBXBuildFile; fileRef = FAD66E9A15D2F62600BAA656 /* CFNetwork.framework */; };
		FAD66EB215D2F62600BAA656 /* CoreGraphics.framework in Frameworks */ = {isa = PBXBuildFile; fileRef = FAD66E9B15D2F62600BAA656 /* CoreGraphics.framework */; };
		FAD66EB315D2F62600BAA656 /* CoreLocation.framework in Frameworks */ = {isa = PBXBuildFile; fileRef = FAD66E9C15D2F62600BAA656 /* CoreLocation.framework */; };
		FAD66EB415D2F62600BAA656 /* CoreMotion.framework in Frameworks */ = {isa = PBXBuildFile; fileRef = FAD66E9D15D2F62600BAA656 /* CoreMotion.framework */; };
		FAD66EB515D2F62600BAA656 /* CoreTelephony.framework in Frameworks */ = {isa = PBXBuildFile; fileRef = FAD66E9E15D2F62600BAA656 /* CoreTelephony.framework */; };
		FAD66EB615D2F62600BAA656 /* EventKit.framework in Frameworks */ = {isa = PBXBuildFile; fileRef = FAD66E9F15D2F62600BAA656 /* EventKit.framework */; };
		FAD66EB715D2F62600BAA656 /* EventKitUI.framework in Frameworks */ = {isa = PBXBuildFile; fileRef = FAD66EA015D2F62600BAA656 /* EventKitUI.framework */; };
		FAD66EB815D2F62600BAA656 /* iAd.framework in Frameworks */ = {isa = PBXBuildFile; fileRef = FAD66EA115D2F62600BAA656 /* iAd.framework */; };
		FAD66EB915D2F62600BAA656 /* MapKit.framework in Frameworks */ = {isa = PBXBuildFile; fileRef = FAD66EA215D2F62600BAA656 /* MapKit.framework */; };
		FAD66EBA15D2F62600BAA656 /* MediaPlayer.framework in Frameworks */ = {isa = PBXBuildFile; fileRef = FAD66EA315D2F62600BAA656 /* MediaPlayer.framework */; };
		FAD66EBB15D2F62600BAA656 /* MessageUI.framework in Frameworks */ = {isa = PBXBuildFile; fileRef = FAD66EA415D2F62600BAA656 /* MessageUI.framework */; };
		FAD66EBC15D2F62600BAA656 /* MobileCoreServices.framework in Frameworks */ = {isa = PBXBuildFile; fileRef = FAD66EA515D2F62600BAA656 /* MobileCoreServices.framework */; };
		FAD66EBD15D2F62600BAA656 /* OpenAL.framework in Frameworks */ = {isa = PBXBuildFile; fileRef = FAD66EA615D2F62600BAA656 /* OpenAL.framework */; };
		FAD66EBE15D2F62600BAA656 /* OpenGLES.framework in Frameworks */ = {isa = PBXBuildFile; fileRef = FAD66EA715D2F62600BAA656 /* OpenGLES.framework */; };
		FAD66EBF15D2F62600BAA656 /* QuartzCore.framework in Frameworks */ = {isa = PBXBuildFile; fileRef = FAD66EA815D2F62600BAA656 /* QuartzCore.framework */; };
		FAD66EC015D2F62600BAA656 /* Security.framework in Frameworks */ = {isa = PBXBuildFile; fileRef = FAD66EA915D2F62600BAA656 /* Security.framework */; };
		FAD66EC115D2F62600BAA656 /* StoreKit.framework in Frameworks */ = {isa = PBXBuildFile; fileRef = FAD66EAA15D2F62600BAA656 /* StoreKit.framework */; };
		FAD66EC215D2F62600BAA656 /* SystemConfiguration.framework in Frameworks */ = {isa = PBXBuildFile; fileRef = FAD66EAB15D2F62600BAA656 /* SystemConfiguration.framework */; };
		FAD66EC315D2F62600BAA656 /* UIKit.framework in Frameworks */ = {isa = PBXBuildFile; fileRef = FAD66EAC15D2F62600BAA656 /* UIKit.framework */; };
		FAD66EC515D2F63000BAA656 /* libsqlite3.dylib in Frameworks */ = {isa = PBXBuildFile; fileRef = FAD66EC415D2F63000BAA656 /* libsqlite3.dylib */; };
		FAD66EC715D2F63900BAA656 /* libxml2.dylib in Frameworks */ = {isa = PBXBuildFile; fileRef = FAD66EC615D2F63900BAA656 /* libxml2.dylib */; };
		FAD66EC915D2F63F00BAA656 /* libz.dylib in Frameworks */ = {isa = PBXBuildFile; fileRef = FAD66EC815D2F63F00BAA656 /* libz.dylib */; };
/* End PBXBuildFile section */

/* Begin PBXCopyFilesBuildPhase section */
		FAD66E6F15D2C21A00BAA656 /* CopyFiles */ = {
			isa = PBXCopyFilesBuildPhase;
			buildActionMask = 2147483647;
			dstPath = "include/${PRODUCT_NAME}";
			dstSubfolderSpec = 16;
			files = (
				FAD66E7A15D2C21A00BAA656 /* AirBurstly.h in CopyFiles */,
			);
			runOnlyForDeploymentPostprocessing = 0;
		};
/* End PBXCopyFilesBuildPhase section */

/* Begin PBXFileReference section */
		39324C1F168CAD7F009F0A6D /* AdSupport.framework */ = {isa = PBXFileReference; lastKnownFileType = wrapper.framework; name = AdSupport.framework; path = System/Library/Frameworks/AdSupport.framework; sourceTree = SDKROOT; };
		39324C21168CADA8009F0A6D /* PassKit.framework */ = {isa = PBXFileReference; lastKnownFileType = wrapper.framework; name = PassKit.framework; path = System/Library/Frameworks/PassKit.framework; sourceTree = SDKROOT; };
		4AF5AE48172EFFD600015D93 /* FlashRuntimeExtensions.h */ = {isa = PBXFileReference; fileEncoding = 4; lastKnownFileType = sourcecode.c.h; path = FlashRuntimeExtensions.h; sourceTree = "<group>"; };
		4AF5AE4B172F005000015D93 /* Burstly.h */ = {isa = PBXFileReference; fileEncoding = 4; lastKnownFileType = sourcecode.c.h; path = Burstly.h; sourceTree = "<group>"; };
		4AF5AE4C172F005000015D93 /* Burstly_FRESHPLANET_iOS_W_MBRIX.txt */ = {isa = PBXFileReference; fileEncoding = 4; lastKnownFileType = text; path = Burstly_FRESHPLANET_iOS_W_MBRIX.txt; sourceTree = "<group>"; };
		4AF5AE4D172F005000015D93 /* BurstlyAdRequest.h */ = {isa = PBXFileReference; fileEncoding = 4; lastKnownFileType = sourcecode.c.h; path = BurstlyAdRequest.h; sourceTree = "<group>"; };
		4AF5AE4E172F005000015D93 /* BurstlyAdUtils.h */ = {isa = PBXFileReference; fileEncoding = 4; lastKnownFileType = sourcecode.c.h; path = BurstlyAdUtils.h; sourceTree = "<group>"; };
		4AF5AE4F172F005000015D93 /* BurstlyBannerAdView.h */ = {isa = PBXFileReference; fileEncoding = 4; lastKnownFileType = sourcecode.c.h; path = BurstlyBannerAdView.h; sourceTree = "<group>"; };
		4AF5AE50172F005000015D93 /* BurstlyBannerViewDelegate.h */ = {isa = PBXFileReference; fileEncoding = 4; lastKnownFileType = sourcecode.c.h; path = BurstlyBannerViewDelegate.h; sourceTree = "<group>"; };
		4AF5AE51172F005000015D93 /* BurstlyCurrency.h */ = {isa = PBXFileReference; fileEncoding = 4; lastKnownFileType = sourcecode.c.h; path = BurstlyCurrency.h; sourceTree = "<group>"; };
		4AF5AE52172F005000015D93 /* BurstlyCurrencyUpdateInfo.h */ = {isa = PBXFileReference; fileEncoding = 4; lastKnownFileType = sourcecode.c.h; path = BurstlyCurrencyUpdateInfo.h; sourceTree = "<group>"; };
		4AF5AE53172F005000015D93 /* BurstlyDownloadTracker.h */ = {isa = PBXFileReference; fileEncoding = 4; lastKnownFileType = sourcecode.c.h; path = BurstlyDownloadTracker.h; sourceTree = "<group>"; };
		4AF5AE54172F005000015D93 /* BurstlyInstalledAppsTracker.h */ = {isa = PBXFileReference; fileEncoding = 4; lastKnownFileType = sourcecode.c.h; path = BurstlyInstalledAppsTracker.h; sourceTree = "<group>"; };
		4AF5AE55172F005000015D93 /* BurstlyInstalledAppsTrackerDelegate.h */ = {isa = PBXFileReference; fileEncoding = 4; lastKnownFileType = sourcecode.c.h; path = BurstlyInstalledAppsTrackerDelegate.h; sourceTree = "<group>"; };
		4AF5AE56172F005000015D93 /* BurstlyInterstitial.h */ = {isa = PBXFileReference; fileEncoding = 4; lastKnownFileType = sourcecode.c.h; path = BurstlyInterstitial.h; sourceTree = "<group>"; };
		4AF5AE57172F005000015D93 /* BurstlyInterstitialDelegate.h */ = {isa = PBXFileReference; fileEncoding = 4; lastKnownFileType = sourcecode.c.h; path = BurstlyInterstitialDelegate.h; sourceTree = "<group>"; };
		4AF5AE58172F005000015D93 /* BurstlyLogger.h */ = {isa = PBXFileReference; fileEncoding = 4; lastKnownFileType = sourcecode.c.h; path = BurstlyLogger.h; sourceTree = "<group>"; };
		4AF5AE59172F005000015D93 /* BurstlyLoggerConstants.h */ = {isa = PBXFileReference; fileEncoding = 4; lastKnownFileType = sourcecode.c.h; path = BurstlyLoggerConstants.h; sourceTree = "<group>"; };
		4AF5AE5B172F005000015D93 /* FacebookSDKResources.bundle */ = {isa = PBXFileReference; lastKnownFileType = "wrapper.plug-in"; path = FacebookSDKResources.bundle; sourceTree = "<group>"; };
		4AF5AE5C172F005000015D93 /* FBDialog.bundle */ = {isa = PBXFileReference; lastKnownFileType = "wrapper.plug-in"; path = FBDialog.bundle; sourceTree = "<group>"; };
		4AF5AE5D172F005000015D93 /* FBUserSettingsViewResources.bundle */ = {isa = PBXFileReference; lastKnownFileType = "wrapper.plug-in"; path = FBUserSettingsViewResources.bundle; sourceTree = "<group>"; };
		4AF5AE5E172F005000015D93 /* BurstlyUserInfo.h */ = {isa = PBXFileReference; fileEncoding = 4; lastKnownFileType = sourcecode.c.h; path = BurstlyUserInfo.h; sourceTree = "<group>"; };
		4AF5AE5F172F005000015D93 /* Constants.README.txt */ = {isa = PBXFileReference; fileEncoding = 4; lastKnownFileType = text; path = Constants.README.txt; sourceTree = "<group>"; };
		4AF5AE60172F005000015D93 /* libBurstly.a */ = {isa = PBXFileReference; lastKnownFileType = archive.ar; path = libBurstly.a; sourceTree = "<group>"; };
		4AF5AE61172F005000015D93 /* OAIAdManager.h */ = {isa = PBXFileReference; fileEncoding = 4; lastKnownFileType = sourcecode.c.h; path = OAIAdManager.h; sourceTree = "<group>"; };
		4AF5AE62172F005000015D93 /* OAIAdManagerDelegateProtocol.h */ = {isa = PBXFileReference; fileEncoding = 4; lastKnownFileType = sourcecode.c.h; path = OAIAdManagerDelegateProtocol.h; sourceTree = "<group>"; };
		4AF5AE63172F005000015D93 /* version.h */ = {isa = PBXFileReference; fileEncoding = 4; lastKnownFileType = sourcecode.c.h; path = version.h; sourceTree = "<group>"; };
		FAD66E7115D2C21A00BAA656 /* libAirBurstly.a */ = {isa = PBXFileReference; explicitFileType = archive.ar; includeInIndex = 0; path = libAirBurstly.a; sourceTree = BUILT_PRODUCTS_DIR; };
		FAD66E7415D2C21A00BAA656 /* Foundation.framework */ = {isa = PBXFileReference; lastKnownFileType = wrapper.framework; name = Foundation.framework; path = System/Library/Frameworks/Foundation.framework; sourceTree = SDKROOT; };
		FAD66E7815D2C21A00BAA656 /* AirBurstly-Prefix.pch */ = {isa = PBXFileReference; lastKnownFileType = sourcecode.c.h; path = "AirBurstly-Prefix.pch"; sourceTree = "<group>"; };
		FAD66E7915D2C21A00BAA656 /* AirBurstly.h */ = {isa = PBXFileReference; lastKnownFileType = sourcecode.c.h; path = AirBurstly.h; sourceTree = "<group>"; };
		FAD66E7B15D2C21A00BAA656 /* AirBurstly.m */ = {isa = PBXFileReference; lastKnownFileType = sourcecode.c.objc; path = AirBurstly.m; sourceTree = "<group>"; };
		FAD66E9615D2F62600BAA656 /* AddressBook.framework */ = {isa = PBXFileReference; lastKnownFileType = wrapper.framework; name = AddressBook.framework; path = System/Library/Frameworks/AddressBook.framework; sourceTree = SDKROOT; };
		FAD66E9715D2F62600BAA656 /* AddressBookUI.framework */ = {isa = PBXFileReference; lastKnownFileType = wrapper.framework; name = AddressBookUI.framework; path = System/Library/Frameworks/AddressBookUI.framework; sourceTree = SDKROOT; };
		FAD66E9815D2F62600BAA656 /* AudioToolbox.framework */ = {isa = PBXFileReference; lastKnownFileType = wrapper.framework; name = AudioToolbox.framework; path = System/Library/Frameworks/AudioToolbox.framework; sourceTree = SDKROOT; };
		FAD66E9915D2F62600BAA656 /* AVFoundation.framework */ = {isa = PBXFileReference; lastKnownFileType = wrapper.framework; name = AVFoundation.framework; path = System/Library/Frameworks/AVFoundation.framework; sourceTree = SDKROOT; };
		FAD66E9A15D2F62600BAA656 /* CFNetwork.framework */ = {isa = PBXFileReference; lastKnownFileType = wrapper.framework; name = CFNetwork.framework; path = System/Library/Frameworks/CFNetwork.framework; sourceTree = SDKROOT; };
		FAD66E9B15D2F62600BAA656 /* CoreGraphics.framework */ = {isa = PBXFileReference; lastKnownFileType = wrapper.framework; name = CoreGraphics.framework; path = System/Library/Frameworks/CoreGraphics.framework; sourceTree = SDKROOT; };
		FAD66E9C15D2F62600BAA656 /* CoreLocation.framework */ = {isa = PBXFileReference; lastKnownFileType = wrapper.framework; name = CoreLocation.framework; path = System/Library/Frameworks/CoreLocation.framework; sourceTree = SDKROOT; };
		FAD66E9D15D2F62600BAA656 /* CoreMotion.framework */ = {isa = PBXFileReference; lastKnownFileType = wrapper.framework; name = CoreMotion.framework; path = System/Library/Frameworks/CoreMotion.framework; sourceTree = SDKROOT; };
		FAD66E9E15D2F62600BAA656 /* CoreTelephony.framework */ = {isa = PBXFileReference; lastKnownFileType = wrapper.framework; name = CoreTelephony.framework; path = System/Library/Frameworks/CoreTelephony.framework; sourceTree = SDKROOT; };
		FAD66E9F15D2F62600BAA656 /* EventKit.framework */ = {isa = PBXFileReference; lastKnownFileType = wrapper.framework; name = EventKit.framework; path = System/Library/Frameworks/EventKit.framework; sourceTree = SDKROOT; };
		FAD66EA015D2F62600BAA656 /* EventKitUI.framework */ = {isa = PBXFileReference; lastKnownFileType = wrapper.framework; name = EventKitUI.framework; path = System/Library/Frameworks/EventKitUI.framework; sourceTree = SDKROOT; };
		FAD66EA115D2F62600BAA656 /* iAd.framework */ = {isa = PBXFileReference; lastKnownFileType = wrapper.framework; name = iAd.framework; path = System/Library/Frameworks/iAd.framework; sourceTree = SDKROOT; };
		FAD66EA215D2F62600BAA656 /* MapKit.framework */ = {isa = PBXFileReference; lastKnownFileType = wrapper.framework; name = MapKit.framework; path = System/Library/Frameworks/MapKit.framework; sourceTree = SDKROOT; };
		FAD66EA315D2F62600BAA656 /* MediaPlayer.framework */ = {isa = PBXFileReference; lastKnownFileType = wrapper.framework; name = MediaPlayer.framework; path = System/Library/Frameworks/MediaPlayer.framework; sourceTree = SDKROOT; };
		FAD66EA415D2F62600BAA656 /* MessageUI.framework */ = {isa = PBXFileReference; lastKnownFileType = wrapper.framework; name = MessageUI.framework; path = System/Library/Frameworks/MessageUI.framework; sourceTree = SDKROOT; };
		FAD66EA515D2F62600BAA656 /* MobileCoreServices.framework */ = {isa = PBXFileReference; lastKnownFileType = wrapper.framework; name = MobileCoreServices.framework; path = System/Library/Frameworks/MobileCoreServices.framework; sourceTree = SDKROOT; };
		FAD66EA615D2F62600BAA656 /* OpenAL.framework */ = {isa = PBXFileReference; lastKnownFileType = wrapper.framework; name = OpenAL.framework; path = System/Library/Frameworks/OpenAL.framework; sourceTree = SDKROOT; };
		FAD66EA715D2F62600BAA656 /* OpenGLES.framework */ = {isa = PBXFileReference; lastKnownFileType = wrapper.framework; name = OpenGLES.framework; path = System/Library/Frameworks/OpenGLES.framework; sourceTree = SDKROOT; };
		FAD66EA815D2F62600BAA656 /* QuartzCore.framework */ = {isa = PBXFileReference; lastKnownFileType = wrapper.framework; name = QuartzCore.framework; path = System/Library/Frameworks/QuartzCore.framework; sourceTree = SDKROOT; };
		FAD66EA915D2F62600BAA656 /* Security.framework */ = {isa = PBXFileReference; lastKnownFileType = wrapper.framework; name = Security.framework; path = System/Library/Frameworks/Security.framework; sourceTree = SDKROOT; };
		FAD66EAA15D2F62600BAA656 /* StoreKit.framework */ = {isa = PBXFileReference; lastKnownFileType = wrapper.framework; name = StoreKit.framework; path = System/Library/Frameworks/StoreKit.framework; sourceTree = SDKROOT; };
		FAD66EAB15D2F62600BAA656 /* SystemConfiguration.framework */ = {isa = PBXFileReference; lastKnownFileType = wrapper.framework; name = SystemConfiguration.framework; path = System/Library/Frameworks/SystemConfiguration.framework; sourceTree = SDKROOT; };
		FAD66EAC15D2F62600BAA656 /* UIKit.framework */ = {isa = PBXFileReference; lastKnownFileType = wrapper.framework; name = UIKit.framework; path = System/Library/Frameworks/UIKit.framework; sourceTree = SDKROOT; };
		FAD66EC415D2F63000BAA656 /* libsqlite3.dylib */ = {isa = PBXFileReference; lastKnownFileType = "compiled.mach-o.dylib"; name = libsqlite3.dylib; path = usr/lib/libsqlite3.dylib; sourceTree = SDKROOT; };
		FAD66EC615D2F63900BAA656 /* libxml2.dylib */ = {isa = PBXFileReference; lastKnownFileType = "compiled.mach-o.dylib"; name = libxml2.dylib; path = usr/lib/libxml2.dylib; sourceTree = SDKROOT; };
		FAD66EC815D2F63F00BAA656 /* libz.dylib */ = {isa = PBXFileReference; lastKnownFileType = "compiled.mach-o.dylib"; name = libz.dylib; path = usr/lib/libz.dylib; sourceTree = SDKROOT; };
/* End PBXFileReference section */

/* Begin PBXFrameworksBuildPhase section */
		FAD66E6E15D2C21A00BAA656 /* Frameworks */ = {
			isa = PBXFrameworksBuildPhase;
			buildActionMask = 2147483647;
			files = (
				FAD66EAD15D2F62600BAA656 /* AddressBook.framework in Frameworks */,
				FAD66EAE15D2F62600BAA656 /* AddressBookUI.framework in Frameworks */,
				39324C20168CAD7F009F0A6D /* AdSupport.framework in Frameworks */,
				FAD66EAF15D2F62600BAA656 /* AudioToolbox.framework in Frameworks */,
				FAD66EB015D2F62600BAA656 /* AVFoundation.framework in Frameworks */,
				FAD66EB115D2F62600BAA656 /* CFNetwork.framework in Frameworks */,
				FAD66EB215D2F62600BAA656 /* CoreGraphics.framework in Frameworks */,
				FAD66EB315D2F62600BAA656 /* CoreLocation.framework in Frameworks */,
				FAD66EB415D2F62600BAA656 /* CoreMotion.framework in Frameworks */,
				FAD66EB515D2F62600BAA656 /* CoreTelephony.framework in Frameworks */,
				FAD66EB615D2F62600BAA656 /* EventKit.framework in Frameworks */,
				FAD66EB715D2F62600BAA656 /* EventKitUI.framework in Frameworks */,
				FAD66E7515D2C21A00BAA656 /* Foundation.framework in Frameworks */,
				FAD66EB815D2F62600BAA656 /* iAd.framework in Frameworks */,
				FAD66EB915D2F62600BAA656 /* MapKit.framework in Frameworks */,
				FAD66EBA15D2F62600BAA656 /* MediaPlayer.framework in Frameworks */,
				FAD66EBB15D2F62600BAA656 /* MessageUI.framework in Frameworks */,
				FAD66EBC15D2F62600BAA656 /* MobileCoreServices.framework in Frameworks */,
				FAD66EBD15D2F62600BAA656 /* OpenAL.framework in Frameworks */,
				FAD66EBE15D2F62600BAA656 /* OpenGLES.framework in Frameworks */,
				39324C22168CADA8009F0A6D /* PassKit.framework in Frameworks */,
				FAD66EBF15D2F62600BAA656 /* QuartzCore.framework in Frameworks */,
				FAD66EC015D2F62600BAA656 /* Security.framework in Frameworks */,
				FAD66EC115D2F62600BAA656 /* StoreKit.framework in Frameworks */,
				FAD66EC215D2F62600BAA656 /* SystemConfiguration.framework in Frameworks */,
				FAD66EC315D2F62600BAA656 /* UIKit.framework in Frameworks */,
				FAD66EC515D2F63000BAA656 /* libsqlite3.dylib in Frameworks */,
				FAD66EC715D2F63900BAA656 /* libxml2.dylib in Frameworks */,
				FAD66EC915D2F63F00BAA656 /* libz.dylib in Frameworks */,
				4AF5AE64172F005000015D93 /* libBurstly.a in Frameworks */,
			);
			runOnlyForDeploymentPostprocessing = 0;
		};
/* End PBXFrameworksBuildPhase section */

/* Begin PBXGroup section */
		4AF5AE4A172F005000015D93 /* BurstlySDK */ = {
			isa = PBXGroup;
			children = (
				4AF5AE4B172F005000015D93 /* Burstly.h */,
				4AF5AE4C172F005000015D93 /* Burstly_FRESHPLANET_iOS_W_MBRIX.txt */,
				4AF5AE4D172F005000015D93 /* BurstlyAdRequest.h */,
				4AF5AE4E172F005000015D93 /* BurstlyAdUtils.h */,
				4AF5AE4F172F005000015D93 /* BurstlyBannerAdView.h */,
				4AF5AE50172F005000015D93 /* BurstlyBannerViewDelegate.h */,
				4AF5AE51172F005000015D93 /* BurstlyCurrency.h */,
				4AF5AE52172F005000015D93 /* BurstlyCurrencyUpdateInfo.h */,
				4AF5AE53172F005000015D93 /* BurstlyDownloadTracker.h */,
				4AF5AE54172F005000015D93 /* BurstlyInstalledAppsTracker.h */,
				4AF5AE55172F005000015D93 /* BurstlyInstalledAppsTrackerDelegate.h */,
				4AF5AE56172F005000015D93 /* BurstlyInterstitial.h */,
				4AF5AE57172F005000015D93 /* BurstlyInterstitialDelegate.h */,
				4AF5AE58172F005000015D93 /* BurstlyLogger.h */,
				4AF5AE59172F005000015D93 /* BurstlyLoggerConstants.h */,
				4AF5AE5A172F005000015D93 /* BurstlyResources */,
				4AF5AE5E172F005000015D93 /* BurstlyUserInfo.h */,
				4AF5AE5F172F005000015D93 /* Constants.README.txt */,
				4AF5AE60172F005000015D93 /* libBurstly.a */,
				4AF5AE61172F005000015D93 /* OAIAdManager.h */,
				4AF5AE62172F005000015D93 /* OAIAdManagerDelegateProtocol.h */,
				4AF5AE63172F005000015D93 /* version.h */,
			);
			path = BurstlySDK;
			sourceTree = "<group>";
		};
		4AF5AE5A172F005000015D93 /* BurstlyResources */ = {
			isa = PBXGroup;
			children = (
				4AF5AE5B172F005000015D93 /* FacebookSDKResources.bundle */,
				4AF5AE5C172F005000015D93 /* FBDialog.bundle */,
				4AF5AE5D172F005000015D93 /* FBUserSettingsViewResources.bundle */,
			);
			path = BurstlyResources;
			sourceTree = "<group>";
		};
		FAD66E6615D2C21A00BAA656 = {
			isa = PBXGroup;
			children = (
				FAD66E7615D2C21A00BAA656 /* AirBurstly */,
				FAD66E7315D2C21A00BAA656 /* Frameworks */,
				FAD66EC415D2F63000BAA656 /* libsqlite3.dylib */,
				FAD66EC615D2F63900BAA656 /* libxml2.dylib */,
				FAD66EC815D2F63F00BAA656 /* libz.dylib */,
				FAD66E7215D2C21A00BAA656 /* Products */,
			);
			sourceTree = "<group>";
		};
		FAD66E7215D2C21A00BAA656 /* Products */ = {
			isa = PBXGroup;
			children = (
				FAD66E7115D2C21A00BAA656 /* libAirBurstly.a */,
			);
			name = Products;
			sourceTree = "<group>";
		};
		FAD66E7315D2C21A00BAA656 /* Frameworks */ = {
			isa = PBXGroup;
			children = (
				4AF5AE4A172F005000015D93 /* BurstlySDK */,
				4AF5AE48172EFFD600015D93 /* FlashRuntimeExtensions.h */,
				FAD66E9615D2F62600BAA656 /* AddressBook.framework */,
				FAD66E9715D2F62600BAA656 /* AddressBookUI.framework */,
				39324C1F168CAD7F009F0A6D /* AdSupport.framework */,
				FAD66E9815D2F62600BAA656 /* AudioToolbox.framework */,
				FAD66E9915D2F62600BAA656 /* AVFoundation.framework */,
				FAD66E9A15D2F62600BAA656 /* CFNetwork.framework */,
				FAD66E9B15D2F62600BAA656 /* CoreGraphics.framework */,
				FAD66E9C15D2F62600BAA656 /* CoreLocation.framework */,
				FAD66E9D15D2F62600BAA656 /* CoreMotion.framework */,
				FAD66E9E15D2F62600BAA656 /* CoreTelephony.framework */,
				FAD66E9F15D2F62600BAA656 /* EventKit.framework */,
				FAD66EA015D2F62600BAA656 /* EventKitUI.framework */,
				FAD66E7415D2C21A00BAA656 /* Foundation.framework */,
				FAD66EA115D2F62600BAA656 /* iAd.framework */,
				FAD66EA215D2F62600BAA656 /* MapKit.framework */,
				FAD66EA315D2F62600BAA656 /* MediaPlayer.framework */,
				FAD66EA415D2F62600BAA656 /* MessageUI.framework */,
				FAD66EA515D2F62600BAA656 /* MobileCoreServices.framework */,
				FAD66EA615D2F62600BAA656 /* OpenAL.framework */,
				FAD66EA715D2F62600BAA656 /* OpenGLES.framework */,
				39324C21168CADA8009F0A6D /* PassKit.framework */,
				FAD66EA815D2F62600BAA656 /* QuartzCore.framework */,
				FAD66EA915D2F62600BAA656 /* Security.framework */,
				FAD66EAA15D2F62600BAA656 /* StoreKit.framework */,
				FAD66EAB15D2F62600BAA656 /* SystemConfiguration.framework */,
				FAD66EAC15D2F62600BAA656 /* UIKit.framework */,
			);
			name = Frameworks;
			sourceTree = "<group>";
		};
		FAD66E7615D2C21A00BAA656 /* AirBurstly */ = {
			isa = PBXGroup;
			children = (
				FAD66E7915D2C21A00BAA656 /* AirBurstly.h */,
				FAD66E7B15D2C21A00BAA656 /* AirBurstly.m */,
				FAD66E7715D2C21A00BAA656 /* Supporting Files */,
			);
			path = AirBurstly;
			sourceTree = "<group>";
		};
		FAD66E7715D2C21A00BAA656 /* Supporting Files */ = {
			isa = PBXGroup;
			children = (
				FAD66E7815D2C21A00BAA656 /* AirBurstly-Prefix.pch */,
			);
			name = "Supporting Files";
			sourceTree = "<group>";
		};
/* End PBXGroup section */

/* Begin PBXNativeTarget section */
		FAD66E7015D2C21A00BAA656 /* AirBurstly */ = {
			isa = PBXNativeTarget;
			buildConfigurationList = FAD66E7F15D2C21A00BAA656 /* Build configuration list for PBXNativeTarget "AirBurstly" */;
			buildPhases = (
				FAD66E6D15D2C21A00BAA656 /* Sources */,
				FAD66E6E15D2C21A00BAA656 /* Frameworks */,
				FAD66E6F15D2C21A00BAA656 /* CopyFiles */,
			);
			buildRules = (
			);
			dependencies = (
			);
			name = AirBurstly;
			productName = AirBurstly;
			productReference = FAD66E7115D2C21A00BAA656 /* libAirBurstly.a */;
			productType = "com.apple.product-type.library.static";
		};
/* End PBXNativeTarget section */

/* Begin PBXProject section */
		FAD66E6815D2C21A00BAA656 /* Project object */ = {
			isa = PBXProject;
			attributes = {
				LastUpgradeCheck = 0450;
				ORGANIZATIONNAME = FreshPlanet;
			};
			buildConfigurationList = FAD66E6B15D2C21A00BAA656 /* Build configuration list for PBXProject "AirBurstly" */;
			compatibilityVersion = "Xcode 3.2";
			developmentRegion = English;
			hasScannedForEncodings = 0;
			knownRegions = (
				en,
			);
			mainGroup = FAD66E6615D2C21A00BAA656;
			productRefGroup = FAD66E7215D2C21A00BAA656 /* Products */;
			projectDirPath = "";
			projectRoot = "";
			targets = (
				FAD66E7015D2C21A00BAA656 /* AirBurstly */,
			);
		};
/* End PBXProject section */

/* Begin PBXSourcesBuildPhase section */
		FAD66E6D15D2C21A00BAA656 /* Sources */ = {
			isa = PBXSourcesBuildPhase;
			buildActionMask = 2147483647;
			files = (
				FAD66E7C15D2C21A00BAA656 /* AirBurstly.m in Sources */,
			);
			runOnlyForDeploymentPostprocessing = 0;
		};
/* End PBXSourcesBuildPhase section */

/* Begin XCBuildConfiguration section */
		FAD66E7D15D2C21A00BAA656 /* Debug */ = {
			isa = XCBuildConfiguration;
			buildSettings = {
				ALWAYS_SEARCH_USER_PATHS = NO;
				CLANG_CXX_LANGUAGE_STANDARD = "gnu++0x";
				CLANG_CXX_LIBRARY = "libc++";
				CLANG_WARN__DUPLICATE_METHOD_MATCH = YES;
				COPY_PHASE_STRIP = NO;
				GCC_C_LANGUAGE_STANDARD = gnu99;
				GCC_DYNAMIC_NO_PIC = NO;
				GCC_OPTIMIZATION_LEVEL = 0;
				GCC_PREPROCESSOR_DEFINITIONS = (
					"DEBUG=1",
					"$(inherited)",
				);
				GCC_SYMBOLS_PRIVATE_EXTERN = NO;
				GCC_VERSION = "";
				GCC_WARN_ABOUT_RETURN_TYPE = YES;
				GCC_WARN_UNINITIALIZED_AUTOS = YES;
				GCC_WARN_UNUSED_VARIABLE = YES;
				IPHONEOS_DEPLOYMENT_TARGET = 4.3;
				OTHER_LDFLAGS = (
					"-weak-library",
					/usr/lib/libSystem.B.dylib,
					"-weak-framework",
					MessageUI,
					"-weak_framework",
					CoreTelephony,
					"-weak_framework",
					CoreMotion,
					"-weak_framework",
					EventKit,
					"-weak_framework",
					MediaPlayer,
					"-weak_framework",
					UIKit,
					"-weak_framework",
					iAd,
				);
				SDKROOT = iphoneos;
			};
			name = Debug;
		};
		FAD66E7E15D2C21A00BAA656 /* Release */ = {
			isa = XCBuildConfiguration;
			buildSettings = {
				ALWAYS_SEARCH_USER_PATHS = NO;
				CLANG_CXX_LANGUAGE_STANDARD = "gnu++0x";
				CLANG_CXX_LIBRARY = "libc++";
				CLANG_WARN__DUPLICATE_METHOD_MATCH = YES;
				COPY_PHASE_STRIP = YES;
				GCC_C_LANGUAGE_STANDARD = gnu99;
				GCC_VERSION = "";
				GCC_WARN_ABOUT_RETURN_TYPE = YES;
				GCC_WARN_UNINITIALIZED_AUTOS = YES;
				GCC_WARN_UNUSED_VARIABLE = YES;
				IPHONEOS_DEPLOYMENT_TARGET = 4.3;
				OTHER_LDFLAGS = (
					"-weak-library",
					/usr/lib/libSystem.B.dylib,
					"-weak-framework",
					MessageUI,
					"-weak_framework",
					CoreTelephony,
					"-weak_framework",
					CoreMotion,
					"-weak_framework",
					EventKit,
					"-weak_framework",
					MediaPlayer,
					"-weak_framework",
					UIKit,
					"-weak_framework",
					iAd,
				);
				SDKROOT = iphoneos;
				VALIDATE_PRODUCT = YES;
			};
			name = Release;
		};
		FAD66E8015D2C21A00BAA656 /* Debug */ = {
			isa = XCBuildConfiguration;
			buildSettings = {
				DSTROOT = /tmp/AirBurstly.dst;
				GCC_PRECOMPILE_PREFIX_HEADER = YES;
				GCC_PREFIX_HEADER = "AirBurstly/AirBurstly-Prefix.pch";
				LIBRARY_SEARCH_PATHS = (
					"$(inherited)",
					"\"$(SRCROOT)/burstly-sdk\"",
					"\"$(SRCROOT)/inmobi-sdk\"",
					"\"$(SRCROOT)/burstly-sdk-old\"",
					"\"$(SRCROOT)/burstly-sdk-new\"",
					"\"$(SRCROOT)/BurstlySDK\"",
				);
				OTHER_LDFLAGS = "-ObjC";
				PRODUCT_NAME = "$(TARGET_NAME)";
				SKIP_INSTALL = YES;
			};
			name = Debug;
		};
		FAD66E8115D2C21A00BAA656 /* Release */ = {
			isa = XCBuildConfiguration;
			buildSettings = {
				DSTROOT = /tmp/AirBurstly.dst;
				GCC_PRECOMPILE_PREFIX_HEADER = YES;
				GCC_PREFIX_HEADER = "AirBurstly/AirBurstly-Prefix.pch";
				LIBRARY_SEARCH_PATHS = (
					"$(inherited)",
					"\"$(SRCROOT)/burstly-sdk\"",
					"\"$(SRCROOT)/inmobi-sdk\"",
					"\"$(SRCROOT)/burstly-sdk-old\"",
					"\"$(SRCROOT)/burstly-sdk-new\"",
					"\"$(SRCROOT)/BurstlySDK\"",
				);
				OTHER_LDFLAGS = "-ObjC";
				PRODUCT_NAME = "$(TARGET_NAME)";
				SKIP_INSTALL = YES;
			};
			name = Release;
		};
/* End XCBuildConfiguration section */

/* Begin XCConfigurationList section */
		FAD66E6B15D2C21A00BAA656 /* Build configuration list for PBXProject "AirBurstly" */ = {
			isa = XCConfigurationList;
			buildConfigurations = (
				FAD66E7D15D2C21A00BAA656 /* Debug */,
				FAD66E7E15D2C21A00BAA656 /* Release */,
			);
			defaultConfigurationIsVisible = 0;
			defaultConfigurationName = Release;
		};
		FAD66E7F15D2C21A00BAA656 /* Build configuration list for PBXNativeTarget "AirBurstly" */ = {
			isa = XCConfigurationList;
			buildConfigurations = (
				FAD66E8015D2C21A00BAA656 /* Debug */,
				FAD66E8115D2C21A00BAA656 /* Release */,
			);
			defaultConfigurationIsVisible = 0;
			defaultConfigurationName = Release;
		};
/* End XCConfigurationList section */
	};
	rootObject = FAD66E6815D2C21A00BAA656 /* Project object */;
}
